
Microsoft Visual Studio Solution File, Format Version 12.00
# Visual Studio 15
VisualStudioVersion = 15.0.27130.2024
MinimumVisualStudioVersion = 10.0.40219.1
Project("{9A19103F-16F7-4668-BE54-9A1E7A4F7556}") = "WebApp", "WebApp\WebApp.csproj", "{9688BF0A-BFF5-4073-AE95-551770FFCE04}"
EndProject
Project("{9A19103F-16F7-4668-BE54-9A1E7A4F7556}") = "Castle.Facilities.AspNetCore", "Castle.Facilities.AspNetCore\Castle.Facilities.AspNetCore.csproj", "{238055BE-1148-4E34-907F-51256692306B}"
EndProject
Project("{9A19103F-16F7-4668-BE54-9A1E7A4F7556}") = "Castle.Windsor", "..\Windsor\src\Castle.Windsor\Castle.Windsor.csproj", "{F79753AF-7E33-45DA-ACB2-F3CECEB534EF}"
EndProject
Project("{2150E333-8FDC-42A3-9474-1A3956D46DE8}") = "Documentation", "Documentation", "{1E0C3D58-7481-448A-9458-371376663EC2}"
	ProjectSection(SolutionItems) = preProject
		README.md = README.md
	EndProjectSection
EndProject
Global
	GlobalSection(SolutionConfigurationPlatforms) = preSolution
		Debug|Any CPU = Debug|Any CPU
		Release|Any CPU = Release|Any CPU
	EndGlobalSection
	GlobalSection(ProjectConfigurationPlatforms) = postSolution
		{9688BF0A-BFF5-4073-AE95-551770FFCE04}.Debug|Any CPU.ActiveCfg = Debug|Any CPU
		{9688BF0A-BFF5-4073-AE95-551770FFCE04}.Debug|Any CPU.Build.0 = Debug|Any CPU
		{9688BF0A-BFF5-4073-AE95-551770FFCE04}.Release|Any CPU.ActiveCfg = Release|Any CPU
		{9688BF0A-BFF5-4073-AE95-551770FFCE04}.Release|Any CPU.Build.0 = Release|Any CPU
		{238055BE-1148-4E34-907F-51256692306B}.Debug|Any CPU.ActiveCfg = Debug|Any CPU
		{238055BE-1148-4E34-907F-51256692306B}.Debug|Any CPU.Build.0 = Debug|Any CPU
		{238055BE-1148-4E34-907F-51256692306B}.Release|Any CPU.ActiveCfg = Release|Any CPU
		{238055BE-1148-4E34-907F-51256692306B}.Release|Any CPU.Build.0 = Release|Any CPU
		{F79753AF-7E33-45DA-ACB2-F3CECEB534EF}.Debug|Any CPU.ActiveCfg = Debug|Any CPU
		{F79753AF-7E33-45DA-ACB2-F3CECEB534EF}.Debug|Any CPU.Build.0 = Debug|Any CPU
		{F79753AF-7E33-45DA-ACB2-F3CECEB534EF}.Release|Any CPU.ActiveCfg = Release|Any CPU
		{F79753AF-7E33-45DA-ACB2-F3CECEB534EF}.Release|Any CPU.Build.0 = Release|Any CPU
	EndGlobalSection
	GlobalSection(SolutionProperties) = preSolution
		HideSolutionNode = FALSE
	EndGlobalSection
	GlobalSection(ExtensibilityGlobals) = postSolution
		SolutionGuid = {6A6BAFA1-DFE5-41BB-9878-2D5CA3488D4B}
	EndGlobalSection
EndGlobal
